# THIS IS AN AUTOGENERATED FILE. DO NOT EDIT THIS FILE DIRECTLY.
# yarn lockfile v1


bootstrap@^4.2.1:
  version "4.2.1"
  resolved "https://registry.yarnpkg.com/bootstrap/-/bootstrap-4.2.1.tgz#8f8bdca024dbf0e8644da32e918c8a03a90a5757"
  integrity sha512-tt/7vIv3Gm2mnd/WeDx36nfGGHleil0Wg8IeB7eMrVkY0fZ5iTaBisSh8oNANc2IBsCc6vCgCNTIM/IEN0+50Q==

counterup@^1.0.2:
  version "1.0.2"
  resolved "https://registry.yarnpkg.com/counterup/-/counterup-1.0.2.tgz#07dbe1e5d318c1702dbff8abe25e9a4b8269dc78"
  integrity sha1-B9vh5dMYwXAtv/ir4l6aS4Jp3Hg=
  dependencies:
    jquery ">=1.5"
    waypoints ">=2.0"

easing@^1.2.1:
  version "1.2.1"
  resolved "https://registry.yarnpkg.com/easing/-/easing-1.2.1.tgz#f68a1146853b57a9eda7cfdde32cd7d8a5adc813"
  integrity sha512-1cM4eo9+zROni70hK7veHvLiywog86oS5xISNuS8Pyrn5PZQxdWutbElvfNjugN/FZoiiZAJFjyVOeUfrWnryg==

filed@0.0.7:
  version "0.0.7"
  resolved "https://registry.yarnpkg.com/filed/-/filed-0.0.7.tgz#3087ec531fb9a78600a6ec8e0b106e2c574d9773"
  integrity sha1-MIfsUx+5p4YApuyOCxBuLFdNl3M=

jquery-migrate@^3.0.1:
  version "3.0.1"
  resolved "https://registry.yarnpkg.com/jquery-migrate/-/jquery-migrate-3.0.1.tgz#141de3abfe6d301baaa4130b0ec7b9a839845e72"
  integrity sha512-NYlhcFnRh4Bv9jvadPlcAKQdVGRE0+TSgFYxQ+ZnCxUUHbwd+SjbOg+Xvu1Oea9mpQJ+2VB1eCfcBORWNQsHaA==

jquery@>=1.5, jquery@>=1.8, jquery@^3.3.1:
  version "3.3.1"
  resolved "https://registry.yarnpkg.com/jquery/-/jquery-3.3.1.tgz#958ce29e81c9790f31be7792df5d4d95fc57fbca"
  integrity sha512-Ubldcmxp5np52/ENotGxlLe6aGMvmF4R8S6tZjsP6Knsaxd/xp3Zrh50cG93lR6nPXyUFwzN3ZSOQI0wRJNdGg==

mime@1.2.7:
  version "1.2.7"
  resolved "https://registry.yarnpkg.com/mime/-/mime-1.2.7.tgz#c7a13f33a7073d9900f288436b06b3a16200865b"
  integrity sha1-x6E/M6cHPZkA8ohDawazoWIAhls=

superfish@^1.7.10:
  version "1.7.10"
  resolved "https://registry.yarnpkg.com/superfish/-/superfish-1.7.10.tgz#94400c5683b0cc87215c6247f26c27890990bc9e"
  integrity sha512-4O2ySFEtu9AEmYy4gkRl2ifHPwzR1RSQBTpFedpR2nv8qxhx3lEdotHvxKGApHdjmffJuB/Oj5wflHJh1bnMIw==
  dependencies:
    jquery ">=1.8"

waypoints@>=2.0, waypoints@^4.0.1:
  version "4.0.1"
  resolved "https://registry.yarnpkg.com/waypoints/-/waypoints-4.0.1.tgz#09979a0573810b29627cba4366a284a062ec69c8"
  integrity sha1-CZeaBXOBCylifLpDZqKEoGLsacg=

wow@^0.0.6:
  version "0.0.6"
  resolved "https://registry.yarnpkg.com/wow/-/wow-0.0.6.tgz#50a366f641400408896c774c0763ee5def36af0d"
  integrity sha1-UKNm9kFABAiJbHdMB2PuXe82rw0=
  dependencies:
    filed "0.0.7"
    mime "1.2.7"
